
Microsoft Visual Studio Solution File, Format Version 12.00
# Visual Studio Version 16
VisualStudioVersion = 16.0.30413.136
MinimumVisualStudioVersion = 10.0.40219.1
Project("{FAE04EC0-301F-11D3-BF4B-00C04F79EFBC}") = "Iris", "Iris\Iris.csproj", "{46546A63-ED10-4982-9BCE-4DB1C0F27B93}"
EndProject
Project("{FAE04EC0-301F-11D3-BF4B-00C04F79EFBC}") = "ChatHost", "ChatHost\ChatHost.csproj", "{A7428780-17BD-49B3-986C-5CE18C2F47DB}"
EndProject
Project("{FAE04EC0-301F-11D3-BF4B-00C04F79EFBC}") = "ChatClient", "ChatClient\ChatClient.csproj", "{BBEB5224-D855-43BE-A701-D104171D83A3}"
EndProject
Global
	GlobalSection(SolutionConfigurationPlatforms) = preSolution
		Debug|Any CPU = Debug|Any CPU
		Release|Any CPU = Release|Any CPU
	EndGlobalSection
	GlobalSection(ProjectConfigurationPlatforms) = postSolution
		{46546A63-ED10-4982-9BCE-4DB1C0F27B93}.Debug|Any CPU.ActiveCfg = Debug|Any CPU
		{46546A63-ED10-4982-9BCE-4DB1C0F27B93}.Debug|Any CPU.Build.0 = Debug|Any CPU
		{46546A63-ED10-4982-9BCE-4DB1C0F27B93}.Release|Any CPU.ActiveCfg = Release|Any CPU
		{46546A63-ED10-4982-9BCE-4DB1C0F27B93}.Release|Any CPU.Build.0 = Release|Any CPU
		{A7428780-17BD-49B3-986C-5CE18C2F47DB}.Debug|Any CPU.ActiveCfg = Debug|Any CPU
		{A7428780-17BD-49B3-986C-5CE18C2F47DB}.Debug|Any CPU.Build.0 = Debug|Any CPU
		{A7428780-17BD-49B3-986C-5CE18C2F47DB}.Release|Any CPU.ActiveCfg = Release|Any CPU
		{A7428780-17BD-49B3-986C-5CE18C2F47DB}.Release|Any CPU.Build.0 = Release|Any CPU
		{BBEB5224-D855-43BE-A701-D104171D83A3}.Debug|Any CPU.ActiveCfg = Debug|Any CPU
		{BBEB5224-D855-43BE-A701-D104171D83A3}.Debug|Any CPU.Build.0 = Debug|Any CPU
		{BBEB5224-D855-43BE-A701-D104171D83A3}.Release|Any CPU.ActiveCfg = Release|Any CPU
		{BBEB5224-D855-43BE-A701-D104171D83A3}.Release|Any CPU.Build.0 = Release|Any CPU
	EndGlobalSection
	GlobalSection(SolutionProperties) = preSolution
		HideSolutionNode = FALSE
	EndGlobalSection
	GlobalSection(ExtensibilityGlobals) = postSolution
		SolutionGuid = {28A05AD5-AEA7-4523-9881-ED2B5E219A71}
	EndGlobalSection
EndGlobal
